
Microsoft Visual Studio Solution File, Format Version 12.00
# Visual Studio Version 16
VisualStudioVersion = 16.0.31424.327
MinimumVisualStudioVersion = 10.0.40219.1
Project("{FAE04EC0-301F-11D3-BF4B-00C04F79EFBC}") = "performance_tests", "performance_tests\performance_tests.csproj", "{CFD33E59-4A08-4614-A615-A5D7703760E3}"
EndProject
Global
	GlobalSection(SolutionConfigurationPlatforms) = preSolution
		Debug|Any CPU = Debug|Any CPU
		Release|Any CPU = Release|Any CPU
	EndGlobalSection
	GlobalSection(ProjectConfigurationPlatforms) = postSolution
		{CFD33E59-4A08-4614-A615-A5D7703760E3}.Debug|Any CPU.ActiveCfg = Debug|Any CPU
		{CFD33E59-4A08-4614-A615-A5D7703760E3}.Debug|Any CPU.Build.0 = Debug|Any CPU
		{CFD33E59-4A08-4614-A615-A5D7703760E3}.Release|Any CPU.ActiveCfg = Release|Any CPU
		{CFD33E59-4A08-4614-A615-A5D7703760E3}.Release|Any CPU.Build.0 = Release|Any CPU
	EndGlobalSection
	GlobalSection(SolutionProperties) = preSolution
		HideSolutionNode = FALSE
	EndGlobalSection
	GlobalSection(ExtensibilityGlobals) = postSolution
		SolutionGuid = {E7A9814E-9F82-4684-8615-322D18D9C3D6}
	EndGlobalSection
EndGlobal
